
Microsoft Visual Studio Solution File, Format Version 12.00
# Visual Studio Version 17
VisualStudioVersion = 17.11.35312.102
MinimumVisualStudioVersion = 10.0.40219.1
Project("{8BC9CEB8-8B4A-11D0-8D11-00A0C91BC942}") = "GameServer", "GameServer\GameServer.vcxproj", "{1DD28FB9-FC2C-4BA4-9FA0-52B02BB9615B}"
EndProject
Project("{8BC9CEB8-8B4A-11D0-8D11-00A0C91BC942}") = "DummyClient", "DummyClient\DummyClient.vcxproj", "{087255E9-F91E-4F20-B8C1-D425336AA798}"
EndProject
Project("{8BC9CEB8-8B4A-11D0-8D11-00A0C91BC942}") = "ServerCore", "ServerCore\ServerCore.vcxproj", "{AF66BD2B-33B0-4F5D-9F3F-098D95680ED9}"
EndProject
Global
	GlobalSection(SolutionConfigurationPlatforms) = preSolution
		Debug|x64 = Debug|x64
		Debug|x86 = Debug|x86
		Release|x64 = Release|x64
		Release|x86 = Release|x86
	EndGlobalSection
	GlobalSection(ProjectConfigurationPlatforms) = postSolution
		{1DD28FB9-FC2C-4BA4-9FA0-52B02BB9615B}.Debug|x64.ActiveCfg = Debug|x64
		{1DD28FB9-FC2C-4BA4-9FA0-52B02BB9615B}.Debug|x64.Build.0 = Debug|x64
		{1DD28FB9-FC2C-4BA4-9FA0-52B02BB9615B}.Debug|x86.ActiveCfg = Debug|Win32
		{1DD28FB9-FC2C-4BA4-9FA0-52B02BB9615B}.Debug|x86.Build.0 = Debug|Win32
		{1DD28FB9-FC2C-4BA4-9FA0-52B02BB9615B}.Release|x64.ActiveCfg = Release|x64
		{1DD28FB9-FC2C-4BA4-9FA0-52B02BB9615B}.Release|x64.Build.0 = Release|x64
		{1DD28FB9-FC2C-4BA4-9FA0-52B02BB9615B}.Release|x86.ActiveCfg = Release|Win32
		{1DD28FB9-FC2C-4BA4-9FA0-52B02BB9615B}.Release|x86.Build.0 = Release|Win32
		{087255E9-F91E-4F20-B8C1-D425336AA798}.Debug|x64.ActiveCfg = Debug|x64
		{087255E9-F91E-4F20-B8C1-D425336AA798}.Debug|x64.Build.0 = Debug|x64
		{087255E9-F91E-4F20-B8C1-D425336AA798}.Debug|x86.ActiveCfg = Debug|Win32
		{087255E9-F91E-4F20-B8C1-D425336AA798}.Debug|x86.Build.0 = Debug|Win32
		{087255E9-F91E-4F20-B8C1-D425336AA798}.Release|x64.ActiveCfg = Release|x64
		{087255E9-F91E-4F20-B8C1-D425336AA798}.Release|x64.Build.0 = Release|x64
		{087255E9-F91E-4F20-B8C1-D425336AA798}.Release|x86.ActiveCfg = Release|Win32
		{087255E9-F91E-4F20-B8C1-D425336AA798}.Release|x86.Build.0 = Release|Win32
		{AF66BD2B-33B0-4F5D-9F3F-098D95680ED9}.Debug|x64.ActiveCfg = Debug|x64
		{AF66BD2B-33B0-4F5D-9F3F-098D95680ED9}.Debug|x64.Build.0 = Debug|x64
		{AF66BD2B-33B0-4F5D-9F3F-098D95680ED9}.Debug|x86.ActiveCfg = Debug|Win32
		{AF66BD2B-33B0-4F5D-9F3F-098D95680ED9}.Debug|x86.Build.0 = Debug|Win32
		{AF66BD2B-33B0-4F5D-9F3F-098D95680ED9}.Release|x64.ActiveCfg = Release|x64
		{AF66BD2B-33B0-4F5D-9F3F-098D95680ED9}.Release|x64.Build.0 = Release|x64
		{AF66BD2B-33B0-4F5D-9F3F-098D95680ED9}.Release|x86.ActiveCfg = Release|Win32
		{AF66BD2B-33B0-4F5D-9F3F-098D95680ED9}.Release|x86.Build.0 = Release|Win32
	EndGlobalSection
	GlobalSection(SolutionProperties) = preSolution
		HideSolutionNode = FALSE
	EndGlobalSection
	GlobalSection(ExtensibilityGlobals) = postSolution
		SolutionGuid = {D15B544B-DDAB-401B-9D4D-48F5F7F3D8E1}
	EndGlobalSection
EndGlobal
